# This file is automatically @generated by Poetry and should not be changed by hand.

[[package]]
name = "gtfs-realtime-bindings"
version = "1.0.0"
description = "Python classes generated from the GTFS-realtime protocol buffer specification."
category = "main"
optional = false
python-versions = "*"
files = [
    {file = "gtfs-realtime-bindings-1.0.0.tar.gz", hash = "sha256:2e8ced8904400cc93ab7e8520adb6934cfa601edacc6f593fc2cb4448662bb47"},
]

[package.dependencies]
protobuf = "*"
setuptools = "*"

[[package]]
name = "protobuf"
version = "4.22.1"
description = ""
category = "main"
optional = false
python-versions = ">=3.7"
files = [
    {file = "protobuf-4.22.1-cp310-abi3-win32.whl", hash = "sha256:85aa9acc5a777adc0c21b449dafbc40d9a0b6413ff3a4f77ef9df194be7f975b"},
    {file = "protobuf-4.22.1-cp310-abi3-win_amd64.whl", hash = "sha256:8bc971d76c03f1dd49f18115b002254f2ddb2d4b143c583bb860b796bb0d399e"},
    {file = "protobuf-4.22.1-cp37-abi3-macosx_10_9_universal2.whl", hash = "sha256:5917412347e1da08ce2939eb5cd60650dfb1a9ab4606a415b9278a1041fb4d19"},
    {file = "protobuf-4.22.1-cp37-abi3-manylinux2014_aarch64.whl", hash = "sha256:9e12e2810e7d297dbce3c129ae5e912ffd94240b050d33f9ecf023f35563b14f"},
    {file = "protobuf-4.22.1-cp37-abi3-manylinux2014_x86_64.whl", hash = "sha256:953fc7904ef46900262a26374b28c2864610b60cdc8b272f864e22143f8373c4"},
    {file = "protobuf-4.22.1-cp37-cp37m-win32.whl", hash = "sha256:6e100f7bc787cd0a0ae58dbf0ab8bbf1ee7953f862b89148b6cf5436d5e9eaa1"},
    {file = "protobuf-4.22.1-cp37-cp37m-win_amd64.whl", hash = "sha256:87a6393fa634f294bf24d1cfe9fdd6bb605cbc247af81b9b10c4c0f12dfce4b3"},
    {file = "protobuf-4.22.1-cp38-cp38-win32.whl", hash = "sha256:e3fb58076bdb550e75db06ace2a8b3879d4c4f7ec9dd86e4254656118f4a78d7"},
    {file = "protobuf-4.22.1-cp38-cp38-win_amd64.whl", hash = "sha256:651113695bc2e5678b799ee5d906b5d3613f4ccfa61b12252cfceb6404558af0"},
    {file = "protobuf-4.22.1-cp39-cp39-win32.whl", hash = "sha256:67b7d19da0fda2733702c2299fd1ef6cb4b3d99f09263eacaf1aa151d9d05f02"},
    {file = "protobuf-4.22.1-cp39-cp39-win_amd64.whl", hash = "sha256:b8700792f88e59ccecfa246fa48f689d6eee6900eddd486cdae908ff706c482b"},
    {file = "protobuf-4.22.1-py3-none-any.whl", hash = "sha256:3e19dcf4adbf608924d3486ece469dd4f4f2cf7d2649900f0efcd1a84e8fd3ba"},
    {file = "protobuf-4.22.1.tar.gz", hash = "sha256:dce7a55d501c31ecf688adb2f6c3f763cf11bc0be815d1946a84d74772ab07a7"},
]

[[package]]
name = "setuptools"
version = "67.6.1"
description = "Easily download, build, install, upgrade, and uninstall Python packages"
category = "main"
optional = false
python-versions = ">=3.7"
files = [
    {file = "setuptools-67.6.1-py3-none-any.whl", hash = "sha256:e728ca814a823bf7bf60162daf9db95b93d532948c4c0bea762ce62f60189078"},
    {file = "setuptools-67.6.1.tar.gz", hash = "sha256:257de92a9d50a60b8e22abfcbb771571fde0dbf3ec234463212027a4eeecbe9a"},
]

[package.extras]
docs = ["furo", "jaraco.packaging (>=9)", "jaraco.tidelift (>=1.4)", "pygments-github-lexers (==0.0.5)", "rst.linker (>=1.9)", "sphinx (>=3.5)", "sphinx-favicon", "sphinx-hoverxref (<2)", "sphinx-inline-tabs", "sphinx-lint", "sphinx-notfound-page (==0.8.3)", "sphinx-reredirects", "sphinxcontrib-towncrier"]
testing = ["build[virtualenv]", "filelock (>=3.4.0)", "flake8 (<5)", "flake8-2020", "ini2toml[lite] (>=0.9)", "jaraco.envs (>=2.2)", "jaraco.path (>=3.2.0)", "pip (>=19.1)", "pip-run (>=8.8)", "pytest (>=6)", "pytest-black (>=0.3.7)", "pytest-checkdocs (>=2.4)", "pytest-cov", "pytest-enabler (>=1.3)", "pytest-flake8", "pytest-mypy (>=0.9.1)", "pytest-perf", "pytest-timeout", "pytest-xdist", "tomli-w (>=1.0.0)", "virtualenv (>=13.0.0)", "wheel"]
testing-integration = ["build[virtualenv]", "filelock (>=3.4.0)", "jaraco.envs (>=2.2)", "jaraco.path (>=3.2.0)", "pytest", "pytest-enabler", "pytest-xdist", "tomli", "virtualenv (>=13.0.0)", "wheel"]

[metadata]
lock-version = "2.0"
python-versions = "^3.11"
content-hash = "88b600cb890422f38a1544aa784a4da111e730929fe35792bd25b32039b26f60"
